
Microsoft Visual Studio Solution File, Format Version 12.00
# Visual Studio Version 16
VisualStudioVersion = 16.0.30804.86
MinimumVisualStudioVersion = 10.0.40219.1
Project("{FAE04EC0-301F-11D3-BF4B-00C04F79EFBC}") = "testApp", "testApp\testApp.csproj", "{03AA4F34-A064-48F4-92C0-0C30592F6E0B}"
EndProject
Global
	GlobalSection(SolutionConfigurationPlatforms) = preSolution
		Debug|Any CPU = Debug|Any CPU
		Release|Any CPU = Release|Any CPU
	EndGlobalSection
	GlobalSection(ProjectConfigurationPlatforms) = postSolution
		{03AA4F34-A064-48F4-92C0-0C30592F6E0B}.Debug|Any CPU.ActiveCfg = Debug|Any CPU
		{03AA4F34-A064-48F4-92C0-0C30592F6E0B}.Debug|Any CPU.Build.0 = Debug|Any CPU
		{03AA4F34-A064-48F4-92C0-0C30592F6E0B}.Release|Any CPU.ActiveCfg = Release|Any CPU
		{03AA4F34-A064-48F4-92C0-0C30592F6E0B}.Release|Any CPU.Build.0 = Release|Any CPU
	EndGlobalSection
	GlobalSection(SolutionProperties) = preSolution
		HideSolutionNode = FALSE
	EndGlobalSection
	GlobalSection(ExtensibilityGlobals) = postSolution
		SolutionGuid = {28177A79-8999-4070-847B-D99BADB5646E}
	EndGlobalSection
EndGlobal
